Microsoft Visual Studio Solution File, Format Version 11.00
# Visual Studio 2010

Project("{072EBDA2-FEE0-87C3-4E39-F22323F33835}") = "UserDefCSharp", "UserDefCSharp.csproj", "{A62800BE-1EF1-4c06-A5AD-199D3E345854}"
EndProject
Global
	GlobalSection(SolutionConfigurationPlatforms) = preSolution
		Debug|Any CPU = Debug|Any CPU
		Release|Any CPU = Release|Any CPU
	EndGlobalSection
	GlobalSection(ProjectConfigurationPlatforms) = postSolution
		{A62800BE-1EF1-4c06-A5AD-199D3E345854}.Debug|Any CPU.ActiveCfg = Debug|Any CPU
		{A62800BE-1EF1-4c06-A5AD-199D3E345854}.Debug|Any CPU.Build.0 = Debug|Any CPU
		{A62800BE-1EF1-4c06-A5AD-199D3E345854}.Release|Any CPU.ActiveCfg = Release|Any CPU
		{A62800BE-1EF1-4c06-A5AD-199D3E345854}.Release|Any CPU.Build.0 = Release|Any CPU
	EndGlobalSection
	GlobalSection(SolutionProperties) = preSolution
		HideSolutionNode = FALSE
	EndGlobalSection
	
EndGlobal
